{
  "name": "dot-tiptap",
  "version": "1.0.0",
  "lockfileVersion": 1,
  "requires": true,
  "dependencies": {
    "@tiptap/core": {
      "version": "2.0.0-beta.29",
      "resolved": "https://registry.npmjs.org/@tiptap/core/-/core-2.0.0-beta.29.tgz",
      "integrity": "sha512-o6PgLGE61Lnl5bEiM+gwCtb8km9jFxxrQYBBrN2Aj21WBbnMeg47Q3/SXl7IyQk5dvj0OjTn/0DHIsYXsrU0Gg==",
      "requires": {
        "@types/prosemirror-commands": "^1.0.4",
        "@types/prosemirror-inputrules": "^1.0.4",
        "@types/prosemirror-keymap": "^1.0.4",
        "@types/prosemirror-model": "^1.13.0",
        "@types/prosemirror-schema-list": "^1.0.3",
        "@types/prosemirror-state": "^1.2.6",
        "@types/prosemirror-transform": "^1.1.2",
        "@types/prosemirror-view": "^1.17.1",
        "prosemirror-commands": "^1.1.7",
        "prosemirror-inputrules": "^1.1.3",
        "prosemirror-keymap": "^1.1.3",
        "prosemirror-model": "^1.14.0",
        "prosemirror-schema-list": "^1.1.4",
        "prosemirror-state": "^1.3.4",
        "prosemirror-transform": "^1.3.2",
        "prosemirror-view": "^1.18.2"
      }
    },
    "@tiptap/extension-blockquote": {
      "version": "2.0.0-beta.1",
      "resolved": "https://registry.npmjs.org/@tiptap/extension-blockquote/-/extension-blockquote-2.0.0-beta.1.tgz",
      "integrity": "sha512-LfK8UNJ2m3sr3KuTsz1OzPufhhm8AvOI3O8FkInMhLaJ0C6G8nYTReu0juwzR/pMsWWnoxRhmpZ2NqKqz9dImg==",
      "requires": {
        "prosemirror-inputrules": "^1.1.3"
      }
    },
    "@tiptap/extension-bold": {
      "version": "2.0.0-beta.1",
      "resolved": "https://registry.npmjs.org/@tiptap/extension-bold/-/extension-bold-2.0.0-beta.1.tgz",
      "integrity": "sha512-zdwmxpYF0Wjrn9lZx/CQPZPATl6R+Lx+9gzuwqW+MYh4jOlrWKRkp0wBHGkekQ8ltIp3zprZJl7CsWn34fuKpg=="
    },
    "@tiptap/extension-bullet-list": {
      "version": "2.0.0-beta.1",
      "resolved": "https://registry.npmjs.org/@tiptap/extension-bullet-list/-/extension-bullet-list-2.0.0-beta.1.tgz",
      "integrity": "sha512-062toP6LHuJNZHg/tWdY3jEd8se3W9zD3sT36p7Bxf8rECGkCZwPXrTbCU9LdpMi4zcC9rbk1+dtTGD8agzYvw==",
      "requires": {
        "prosemirror-inputrules": "^1.1.3"
      }
    },
    "@tiptap/extension-code": {
      "version": "2.0.0-beta.1",
      "resolved": "https://registry.npmjs.org/@tiptap/extension-code/-/extension-code-2.0.0-beta.1.tgz",
      "integrity": "sha512-v/W7Rt15n8u2suVphpl286khm6zTRTU4hjdsZhvcmot0pQhN13QKzxXLfXo8OwEpvK1M81EOF6iIzAmogi5JLg=="
    },
    "@tiptap/extension-code-block": {
      "version": "2.0.0-beta.3",
      "resolved": "https://registry.npmjs.org/@tiptap/extension-code-block/-/extension-code-block-2.0.0-beta.3.tgz",
      "integrity": "sha512-d3NyTWd0SwElt2MA6HZDGYNcafXKJh2ldsCC9Bg1Xdp71vQEzdCG+zdq2lhCqx1NSkkh3PpnkDG7InGuUDOtPw==",
      "requires": {
        "prosemirror-inputrules": "^1.1.3"
      }
    },
    "@tiptap/extension-document": {
      "version": "2.0.0-beta.1",
      "resolved": "https://registry.npmjs.org/@tiptap/extension-document/-/extension-document-2.0.0-beta.1.tgz",
      "integrity": "sha512-db+YMV0wJkkkwGCUM2NGePcbVue4f4kgvppYlp6lnHThebfTRajxUfPRVa1FM7NL8WTSSIRej/wTdA5wTIMGiw=="
    },
    "@tiptap/extension-dropcursor": {
      "version": "2.0.0-beta.2",
      "resolved": "https://registry.npmjs.org/@tiptap/extension-dropcursor/-/extension-dropcursor-2.0.0-beta.2.tgz",
      "integrity": "sha512-qYjW2L1jBcfEsQ2VFsP14fcjITkMW+NoT7/0UpPljvIepA8DUWhVzU2mkHO+JeerTLzOuhKeJtw8NrDP+x3TUg==",
      "requires": {
        "@types/prosemirror-dropcursor": "^1.0.1",
        "prosemirror-dropcursor": "^1.3.4"
      }
    },
    "@tiptap/extension-gapcursor": {
      "version": "2.0.0-beta.5",
      "resolved": "https://registry.npmjs.org/@tiptap/extension-gapcursor/-/extension-gapcursor-2.0.0-beta.5.tgz",
      "integrity": "sha512-1y+snYxeLAF08WPjO6tmZu+nb8up9sKmEAxdgtYVibCM2J7SOvArI5qdXxql2AAKsC1e3mXEsLFkIwwcjl0hnA==",
      "requires": {
        "@types/prosemirror-gapcursor": "^1.0.3",
        "prosemirror-gapcursor": "^1.1.5"
      }
    },
    "@tiptap/extension-hard-break": {
      "version": "2.0.0-beta.1",
      "resolved": "https://registry.npmjs.org/@tiptap/extension-hard-break/-/extension-hard-break-2.0.0-beta.1.tgz",
      "integrity": "sha512-6tPRJrRx1+9uxJ3V2V/abJ/ZJbqLA6+AJg+R3/qxpmDfkXMlMxJUoKsmv17ud6XQbL9KicQ8wbfvXGmxIlP6nw=="
    },
    "@tiptap/extension-heading": {
      "version": "2.0.0-beta.1",
      "resolved": "https://registry.npmjs.org/@tiptap/extension-heading/-/extension-heading-2.0.0-beta.1.tgz",
      "integrity": "sha512-azVbyOgUK2RhLLIjipENh8PyNx5BsK9mCZUs8OA/9Cscw53dLOBaGGlxz/gzHfhFaJZhtOxGoWKwTCfamWMEbQ==",
      "requires": {
        "prosemirror-inputrules": "^1.1.3"
      }
    },
    "@tiptap/extension-history": {
      "version": "2.0.0-beta.1",
      "resolved": "https://registry.npmjs.org/@tiptap/extension-history/-/extension-history-2.0.0-beta.1.tgz",
      "integrity": "sha512-9BBbj1l8sZSFDc/hNLfRUt7l+h48aPSptF+08amCSyJYQoOB2bJ50rXcM//cMa1fqIlI7hbVEmc7OJiuM9DVjw==",
      "requires": {
        "@types/prosemirror-history": "^1.0.2",
        "prosemirror-history": "^1.1.3"
      }
    },
    "@tiptap/extension-horizontal-rule": {
      "version": "2.0.0-beta.2",
      "resolved": "https://registry.npmjs.org/@tiptap/extension-horizontal-rule/-/extension-horizontal-rule-2.0.0-beta.2.tgz",
      "integrity": "sha512-GURNeEQRYW1nBzt1YjHPH6lnBgDlBO977KEpcawahvYrbKUWTIJJeacxAvQkjUcIN0bZprIS1ustP0ShGiJIoQ==",
      "requires": {
        "prosemirror-state": "^1.3.4"
      }
    },
    "@tiptap/extension-italic": {
      "version": "2.0.0-beta.1",
      "resolved": "https://registry.npmjs.org/@tiptap/extension-italic/-/extension-italic-2.0.0-beta.1.tgz",
      "integrity": "sha512-IEP1USBIVCEonZCNj4mfSwQv/uDAn0s4bleWvEocJa7OT/uOjyYQwi7Tesa4jwh6vPSlaHM+yWoQqOIG7OSmOw=="
    },
    "@tiptap/extension-list-item": {
      "version": "2.0.0-beta.1",
      "resolved": "https://registry.npmjs.org/@tiptap/extension-list-item/-/extension-list-item-2.0.0-beta.1.tgz",
      "integrity": "sha512-U++Xo9M4V+ouVws7ioMt81PigvYsWumso3lwufylrGXVMtww+NXAzTY9x/7E6/WPpnN3dL3PnuwBHgPDke/V/Q=="
    },
    "@tiptap/extension-ordered-list": {
      "version": "2.0.0-beta.1",
      "resolved": "https://registry.npmjs.org/@tiptap/extension-ordered-list/-/extension-ordered-list-2.0.0-beta.1.tgz",
      "integrity": "sha512-sgJ8OoltuTKPiuTsbAo9Jr7Ccv8yGWHx+mhT2Qw+FF1zjxaVcFg07v3El5R9ldNV21I7Jpet0zKQeEQljgweEQ==",
      "requires": {
        "prosemirror-inputrules": "^1.1.3"
      }
    },
    "@tiptap/extension-paragraph": {
      "version": "2.0.0-beta.2",
      "resolved": "https://registry.npmjs.org/@tiptap/extension-paragraph/-/extension-paragraph-2.0.0-beta.2.tgz",
      "integrity": "sha512-u0xKxtHN0TZ9WwsbJ+8asylMOIHFHcGuzmzwTp1gIV661Ygh2vGUG7wT0HKxdUBohRFE30BZ1HMKMmpUDg1s+g=="
    },
    "@tiptap/extension-strike": {
      "version": "2.0.0-beta.2",
      "resolved": "https://registry.npmjs.org/@tiptap/extension-strike/-/extension-strike-2.0.0-beta.2.tgz",
      "integrity": "sha512-6H6ScCjyaJuDMhenNKjmfzIvLywfyngbxjIKT333sCX8NoA4MMc3xbCev7LAIIrHvXzKrK7VssGJlTIlH7KCHA=="
    },
    "@tiptap/extension-text": {
      "version": "2.0.0-beta.1",
      "resolved": "https://registry.npmjs.org/@tiptap/extension-text/-/extension-text-2.0.0-beta.1.tgz",
      "integrity": "sha512-RS6n0qiQu/lXTeOtGX8nwCAoboyfi/UGC2/5Rz29NygPaPCW+Hli7/QvycC6R1efnCw5kUY1uNR0If5niswSfw=="
    },
    "@tiptap/starter-kit": {
      "version": "2.0.0-beta.25",
      "resolved": "https://registry.npmjs.org/@tiptap/starter-kit/-/starter-kit-2.0.0-beta.25.tgz",
      "integrity": "sha512-vFqDvvjavUqeLLrvl4mmrmf9V/66eBfBSLRPBOpQfL8aoJvJFaFNvTKPPfTj8IyoVloVmNZ7NTrrUgo+1wndAw==",
      "requires": {
        "@tiptap/core": "^2.0.0-beta.29",
        "@tiptap/extension-blockquote": "^2.0.0-beta.1",
        "@tiptap/extension-bold": "^2.0.0-beta.1",
        "@tiptap/extension-bullet-list": "^2.0.0-beta.1",
        "@tiptap/extension-code": "^2.0.0-beta.1",
        "@tiptap/extension-code-block": "^2.0.0-beta.3",
        "@tiptap/extension-document": "^2.0.0-beta.1",
        "@tiptap/extension-dropcursor": "^2.0.0-beta.2",
        "@tiptap/extension-gapcursor": "^2.0.0-beta.5",
        "@tiptap/extension-hard-break": "^2.0.0-beta.1",
        "@tiptap/extension-heading": "^2.0.0-beta.1",
        "@tiptap/extension-history": "^2.0.0-beta.1",
        "@tiptap/extension-horizontal-rule": "^2.0.0-beta.2",
        "@tiptap/extension-italic": "^2.0.0-beta.1",
        "@tiptap/extension-list-item": "^2.0.0-beta.1",
        "@tiptap/extension-ordered-list": "^2.0.0-beta.1",
        "@tiptap/extension-paragraph": "^2.0.0-beta.2",
        "@tiptap/extension-strike": "^2.0.0-beta.2",
        "@tiptap/extension-text": "^2.0.0-beta.1"
      }
    },
    "@types/orderedmap": {
      "version": "1.0.0",
      "resolved": "https://registry.npmjs.org/@types/orderedmap/-/orderedmap-1.0.0.tgz",
      "integrity": "sha512-dxKo80TqYx3YtBipHwA/SdFmMMyLCnP+5mkEqN0eMjcTBzHkiiX0ES118DsjDBjvD+zeSsSU9jULTZ+frog+Gw=="
    },
    "@types/prosemirror-commands": {
      "version": "1.0.4",
      "resolved": "https://registry.npmjs.org/@types/prosemirror-commands/-/prosemirror-commands-1.0.4.tgz",
      "integrity": "sha512-utDNYB3EXLjAfYIcRWJe6pn3kcQ5kG4RijbT/0Y/TFOm6yhvYS/D9eJVnijdg9LDjykapcezchxGRqFD5LcyaQ==",
      "requires": {
        "@types/prosemirror-model": "*",
        "@types/prosemirror-state": "*",
        "@types/prosemirror-view": "*"
      }
    },
    "@types/prosemirror-dropcursor": {
      "version": "1.0.1",
      "resolved": "https://registry.npmjs.org/@types/prosemirror-dropcursor/-/prosemirror-dropcursor-1.0.1.tgz",
      "integrity": "sha512-nHokhFypOZjknolZBm2XShlR7fx1IUcCiA3S2fBwmAraWu6zv3gboDSwwFpoS9UB2xKc4ismAmBxh2bpL3YNkg==",
      "requires": {
        "@types/prosemirror-state": "*"
      }
    },
    "@types/prosemirror-gapcursor": {
      "version": "1.0.3",
      "resolved": "https://registry.npmjs.org/@types/prosemirror-gapcursor/-/prosemirror-gapcursor-1.0.3.tgz",
      "integrity": "sha512-kBVjjbMmUk7ZsgpI1NOyY15makulu1skEGr+V9GgY7GQnT9vqjo8/XiNSgSj9s9vRTsTb/KAaTI9KJwWlhbhxQ==",
      "requires": {
        "@types/prosemirror-model": "*",
        "@types/prosemirror-state": "*"
      }
    },
    "@types/prosemirror-history": {
      "version": "1.0.2",
      "resolved": "https://registry.npmjs.org/@types/prosemirror-history/-/prosemirror-history-1.0.2.tgz",
      "integrity": "sha512-AcfpWo+HkIuvq/H2zYjIMi2jxa2GWfYaTNiFTB2sigjkpWNM93CIlb7Cimy/4vNH8lVPp0GwLBjYIMRX6zOUyA==",
      "requires": {
        "@types/prosemirror-model": "*",
        "@types/prosemirror-state": "*"
      }
    },
    "@types/prosemirror-inputrules": {
      "version": "1.0.4",
      "resolved": "https://registry.npmjs.org/@types/prosemirror-inputrules/-/prosemirror-inputrules-1.0.4.tgz",
      "integrity": "sha512-lJIMpOjO47SYozQybUkpV6QmfuQt7GZKHtVrvS+mR5UekA8NMC5HRIVMyaIauJLWhKU6oaNjpVaXdw41kh165g==",
      "requires": {
        "@types/prosemirror-model": "*",
        "@types/prosemirror-state": "*"
      }
    },
    "@types/prosemirror-keymap": {
      "version": "1.0.4",
      "resolved": "https://registry.npmjs.org/@types/prosemirror-keymap/-/prosemirror-keymap-1.0.4.tgz",
      "integrity": "sha512-ycevwkqUh+jEQtPwqO7sWGcm+Sybmhu8MpBsM8DlO3+YTKnXbKA6SDz/+q14q1wK3UA8lHJyfR+v+GPxfUSemg==",
      "requires": {
        "@types/prosemirror-commands": "*",
        "@types/prosemirror-model": "*",
        "@types/prosemirror-state": "*",
        "@types/prosemirror-view": "*"
      }
    },
    "@types/prosemirror-model": {
      "version": "1.13.0",
      "resolved": "https://registry.npmjs.org/@types/prosemirror-model/-/prosemirror-model-1.13.0.tgz",
      "integrity": "sha512-EIUr2R38Zh9n1eA8BQ1C3NX/XLV9U44DhNVk8x3Sth2RW+wa7jNA82XHMPOoapsOTfmpnh32xaHBOzREiBqdPQ==",
      "requires": {
        "@types/orderedmap": "*"
      }
    },
    "@types/prosemirror-schema-list": {
      "version": "1.0.3",
      "resolved": "https://registry.npmjs.org/@types/prosemirror-schema-list/-/prosemirror-schema-list-1.0.3.tgz",
      "integrity": "sha512-uWybOf+M2Ea7rlbs0yLsS4YJYNGXYtn4N+w8HCw3Vvfl6wBAROzlMt0gV/D/VW/7J/LlAjwMezuGe8xi24HzXA==",
      "requires": {
        "@types/orderedmap": "*",
        "@types/prosemirror-model": "*",
        "@types/prosemirror-state": "*"
      }
    },
    "@types/prosemirror-state": {
      "version": "1.2.6",
      "resolved": "https://registry.npmjs.org/@types/prosemirror-state/-/prosemirror-state-1.2.6.tgz",
      "integrity": "sha512-tJo0wC+/cQvbrPDVx01Fnng9Fs41bAMVxgJY1KLOyIsUPN0otUN1KdoQurLMmHNHTvIna9ZXxjZD//xJKLYfJw==",
      "requires": {
        "@types/prosemirror-model": "*",
        "@types/prosemirror-transform": "*",
        "@types/prosemirror-view": "*"
      }
    },
    "@types/prosemirror-transform": {
      "version": "1.1.2",
      "resolved": "https://registry.npmjs.org/@types/prosemirror-transform/-/prosemirror-transform-1.1.2.tgz",
      "integrity": "sha512-Ozyvs5Dquc49gaFysmC4gNhv6E65r569HSzw4RXdZgIljZ5Y9K4kHFlDvsWBBDH19+1178X9LMmM9J620O6Bug==",
      "requires": {
        "@types/prosemirror-model": "*"
      }
    },
    "@types/prosemirror-view": {
      "version": "1.17.1",
      "resolved": "https://registry.npmjs.org/@types/prosemirror-view/-/prosemirror-view-1.17.1.tgz",
      "integrity": "sha512-PNiGGc6BffxHQzMR09UUilsBR8xFPDsKiPIXb4K/g56voPIvqq1pqySnWFfSR50Vo4ZL0tss3VBLWiiiKzVahQ==",
      "requires": {
        "@types/prosemirror-model": "*",
        "@types/prosemirror-state": "*",
        "@types/prosemirror-transform": "*"
      }
    },
    "orderedmap": {
      "version": "1.1.1",
      "resolved": "https://registry.npmjs.org/orderedmap/-/orderedmap-1.1.1.tgz",
      "integrity": "sha512-3Ux8um0zXbVacKUkcytc0u3HgC0b0bBLT+I60r2J/En72cI0nZffqrA7Xtf2Hqs27j1g82llR5Mhbd0Z1XW4AQ=="
    },
    "prettier": {
      "version": "2.2.1",
      "resolved": "https://registry.npmjs.org/prettier/-/prettier-2.2.1.tgz",
      "integrity": "sha512-PqyhM2yCjg/oKkFPtTGUojv7gnZAoG80ttl45O6x2Ug/rMJw4wcc9k6aaf2hibP7BGVCCM33gZoGjyvt9mm16Q==",
      "dev": true
    },
    "prosemirror-commands": {
      "version": "1.1.7",
      "resolved": "https://registry.npmjs.org/prosemirror-commands/-/prosemirror-commands-1.1.7.tgz",
      "integrity": "sha512-tuQr8q5euDjE+WAHWmu1JMLYWsPfUDH80QLLpnQrPYOPysO26FZyyHwEvA0+hUzvF8fOt1oMj0+/YM9UsPkZiA==",
      "requires": {
        "prosemirror-model": "^1.0.0",
        "prosemirror-state": "^1.0.0",
        "prosemirror-transform": "^1.0.0"
      }
    },
    "prosemirror-dropcursor": {
      "version": "1.3.4",
      "resolved": "https://registry.npmjs.org/prosemirror-dropcursor/-/prosemirror-dropcursor-1.3.4.tgz",
      "integrity": "sha512-eVmpMG5+fmvANT3xDzRirmG240rB/piI31ExIfW0Mkvo5/cYC/lm1fFMAOzjO22uc5OQXiodRqOnyE05+g3UqA==",
      "requires": {
        "prosemirror-state": "^1.0.0",
        "prosemirror-transform": "^1.1.0",
        "prosemirror-view": "^1.1.0"
      }
    },
    "prosemirror-gapcursor": {
      "version": "1.1.5",
      "resolved": "https://registry.npmjs.org/prosemirror-gapcursor/-/prosemirror-gapcursor-1.1.5.tgz",
      "integrity": "sha512-SjbUZq5pgsBDuV3hu8GqgIpZR5eZvGLM+gPQTqjVVYSMUCfKW3EGXTEYaLHEl1bGduwqNC95O3bZflgtAb4L6w==",
      "requires": {
        "prosemirror-keymap": "^1.0.0",
        "prosemirror-model": "^1.0.0",
        "prosemirror-state": "^1.0.0",
        "prosemirror-view": "^1.0.0"
      }
    },
    "prosemirror-history": {
      "version": "1.1.3",
      "resolved": "https://registry.npmjs.org/prosemirror-history/-/prosemirror-history-1.1.3.tgz",
      "integrity": "sha512-zGDotijea+vnfnyyUGyiy1wfOQhf0B/b6zYcCouBV8yo6JmrE9X23M5q7Nf/nATywEZbgRLG70R4DmfSTC+gfg==",
      "requires": {
        "prosemirror-state": "^1.2.2",
        "prosemirror-transform": "^1.0.0",
        "rope-sequence": "^1.3.0"
      }
    },
    "prosemirror-inputrules": {
      "version": "1.1.3",
      "resolved": "https://registry.npmjs.org/prosemirror-inputrules/-/prosemirror-inputrules-1.1.3.tgz",
      "integrity": "sha512-ZaHCLyBtvbyIHv0f5p6boQTIJjlD6o2NPZiEaZWT2DA+j591zS29QQEMT4lBqwcLW3qRSf7ZvoKNbf05YrsStw==",
      "requires": {
        "prosemirror-state": "^1.0.0",
        "prosemirror-transform": "^1.0.0"
      }
    },
    "prosemirror-keymap": {
      "version": "1.1.4",
      "resolved": "https://registry.npmjs.org/prosemirror-keymap/-/prosemirror-keymap-1.1.4.tgz",
      "integrity": "sha512-Al8cVUOnDFL4gcI5IDlG6xbZ0aOD/i3B17VT+1JbHWDguCgt/lBHVTHUBcKvvbSg6+q/W4Nj1Fu6bwZSca3xjg==",
      "requires": {
        "prosemirror-state": "^1.0.0",
        "w3c-keyname": "^2.2.0"
      }
    },
    "prosemirror-model": {
      "version": "1.14.0",
      "resolved": "https://registry.npmjs.org/prosemirror-model/-/prosemirror-model-1.14.0.tgz",
      "integrity": "sha512-+9J7YE2qD2lsRgaI5aF7u6LynBoHxb/8sW1gaMKRAhK+yeQ+motBIaxb2GxRWSadDWMOq5haAImSTBo6jDkv2A==",
      "requires": {
        "orderedmap": "^1.1.0"
      }
    },
    "prosemirror-schema-list": {
      "version": "1.1.4",
      "resolved": "https://registry.npmjs.org/prosemirror-schema-list/-/prosemirror-schema-list-1.1.4.tgz",
      "integrity": "sha512-pNTuZflacFOBlxrTcWSdWhjoB8BaucwfJVp/gJNxztOwaN3wQiC65axclXyplf6TKgXD/EkWfS/QAov3/Znadw==",
      "requires": {
        "prosemirror-model": "^1.0.0",
        "prosemirror-transform": "^1.0.0"
      }
    },
    "prosemirror-state": {
      "version": "1.3.4",
      "resolved": "https://registry.npmjs.org/prosemirror-state/-/prosemirror-state-1.3.4.tgz",
      "integrity": "sha512-Xkkrpd1y/TQ6HKzN3agsQIGRcLckUMA9u3j207L04mt8ToRgpGeyhbVv0HI7omDORIBHjR29b7AwlATFFf2GLA==",
      "requires": {
        "prosemirror-model": "^1.0.0",
        "prosemirror-transform": "^1.0.0"
      }
    },
    "prosemirror-transform": {
      "version": "1.3.2",
      "resolved": "https://registry.npmjs.org/prosemirror-transform/-/prosemirror-transform-1.3.2.tgz",
      "integrity": "sha512-/G6d/u9Mf6Bv3H1XR8VxhpjmUO75LYmnvj+s3ZfZpakU1hnQbsvCEybml1B3f2IWUAAQRFkbO1PnsbFhLZsYsw==",
      "requires": {
        "prosemirror-model": "^1.0.0"
      }
    },
    "prosemirror-view": {
      "version": "1.18.3",
      "resolved": "https://registry.npmjs.org/prosemirror-view/-/prosemirror-view-1.18.3.tgz",
      "integrity": "sha512-B0zlzjBI0cHadpghyvAA+JgqLGbkNU9Vxywqkfaa+AdmOZUZImBKH6ufhpK+AEZn97WWgSIkr/MT9RmGpaboAA==",
      "requires": {
        "prosemirror-model": "^1.1.0",
        "prosemirror-state": "^1.0.0",
        "prosemirror-transform": "^1.1.0"
      }
    },
    "rope-sequence": {
      "version": "1.3.2",
      "resolved": "https://registry.npmjs.org/rope-sequence/-/rope-sequence-1.3.2.tgz",
      "integrity": "sha512-ku6MFrwEVSVmXLvy3dYph3LAMNS0890K7fabn+0YIRQ2T96T9F4gkFf0vf0WW0JUraNWwGRtInEpH7yO4tbQZg=="
    },
    "tslib": {
      "version": "2.2.0",
      "resolved": "https://registry.npmjs.org/tslib/-/tslib-2.2.0.tgz",
      "integrity": "sha512-gS9GVHRU+RGn5KQM2rllAlR3dU6m7AcpJKdtH8gFvQiC4Otgk98XnmMU+nZenHt/+VhnBPWwgrJsyrdcw6i23w==",
      "dev": true
    },
    "typescript": {
      "version": "4.2.4",
      "resolved": "https://registry.npmjs.org/typescript/-/typescript-4.2.4.tgz",
      "integrity": "sha512-V+evlYHZnQkaz8TRBuxTA92yZBPotr5H+WhQ7bD3hZUndx5tGOa1fuCgeSjxAzM1RiN5IzvadIXTVefuuwZCRg==",
      "dev": true
    },
    "w3c-keyname": {
      "version": "2.2.4",
      "resolved": "https://registry.npmjs.org/w3c-keyname/-/w3c-keyname-2.2.4.tgz",
      "integrity": "sha512-tOhfEwEzFLJzf6d1ZPkYfGj+FWhIpBux9ppoP3rlclw3Z0BZv3N7b7030Z1kYth+6rDuAsXUFr+d0VE6Ed1ikw=="
    }
  }
}
